
Microsoft Visual Studio Solution File, Format Version 12.00
# Visual Studio Version 16
VisualStudioVersion = 16.0.33027.164
MinimumVisualStudioVersion = 10.0.40219.1
Project("{FAE04EC0-301F-11D3-BF4B-00C04F79EFBC}") = "Componentes", "Componentes\Componentes.csproj", "{D2EABC10-7D19-4695-B17C-2202B69FBE2B}"
EndProject
Global
	GlobalSection(SolutionConfigurationPlatforms) = preSolution
		Debug|Any CPU = Debug|Any CPU
		Release|Any CPU = Release|Any CPU
	EndGlobalSection
	GlobalSection(ProjectConfigurationPlatforms) = postSolution
		{D2EABC10-7D19-4695-B17C-2202B69FBE2B}.Debug|Any CPU.ActiveCfg = Debug|Any CPU
		{D2EABC10-7D19-4695-B17C-2202B69FBE2B}.Debug|Any CPU.Build.0 = Debug|Any CPU
		{D2EABC10-7D19-4695-B17C-2202B69FBE2B}.Release|Any CPU.ActiveCfg = Release|Any CPU
		{D2EABC10-7D19-4695-B17C-2202B69FBE2B}.Release|Any CPU.Build.0 = Release|Any CPU
	EndGlobalSection
	GlobalSection(SolutionProperties) = preSolution
		HideSolutionNode = FALSE
	EndGlobalSection
	GlobalSection(ExtensibilityGlobals) = postSolution
		SolutionGuid = {74516F40-ECDE-4918-B6A9-65DDA9586983}
	EndGlobalSection
EndGlobal
